
Microsoft Visual Studio Solution File, Format Version 12.00
# Visual Studio Version 17
VisualStudioVersion = 17.8.34330.188
MinimumVisualStudioVersion = 10.0.40219.1
Project("{FAE04EC0-301F-11D3-BF4B-00C04F79EFBC}") = "Giatrican", "Giatrican.csproj", "{DEEA4C03-25CA-4344-90EB-C22FBD151546}"
EndProject
Global
	GlobalSection(SolutionConfigurationPlatforms) = preSolution
		Debug|Any CPU = Debug|Any CPU
		Release|Any CPU = Release|Any CPU
	EndGlobalSection
	GlobalSection(ProjectConfigurationPlatforms) = postSolution
		{DEEA4C03-25CA-4344-90EB-C22FBD151546}.Debug|Any CPU.ActiveCfg = Debug|Any CPU
		{DEEA4C03-25CA-4344-90EB-C22FBD151546}.Debug|Any CPU.Build.0 = Debug|Any CPU
		{DEEA4C03-25CA-4344-90EB-C22FBD151546}.Release|Any CPU.ActiveCfg = Release|Any CPU
		{DEEA4C03-25CA-4344-90EB-C22FBD151546}.Release|Any CPU.Build.0 = Release|Any CPU
	EndGlobalSection
	GlobalSection(SolutionProperties) = preSolution
		HideSolutionNode = FALSE
	EndGlobalSection
	GlobalSection(ExtensibilityGlobals) = postSolution
		SolutionGuid = {2BBDF337-397D-4452-ABA0-0D8A9B783499}
	EndGlobalSection
EndGlobal
